
Microsoft Visual Studio Solution File, Format Version 12.00
# Visual Studio Version 16
VisualStudioVersion = 16.0.30413.136
MinimumVisualStudioVersion = 10.0.40219.1
Project("{FAE04EC0-301F-11D3-BF4B-00C04F79EFBC}") = "PreorderSystemForCanteenBekzat", "PreorderSystemForCanteenBekzat\PreorderSystemForCanteenBekzat.csproj", "{028B9C01-54B0-480D-95E0-CBEDD7DE0503}"
EndProject
Global
	GlobalSection(SolutionConfigurationPlatforms) = preSolution
		Debug|Any CPU = Debug|Any CPU
		Release|Any CPU = Release|Any CPU
	EndGlobalSection
	GlobalSection(ProjectConfigurationPlatforms) = postSolution
		{028B9C01-54B0-480D-95E0-CBEDD7DE0503}.Debug|Any CPU.ActiveCfg = Debug|Any CPU
		{028B9C01-54B0-480D-95E0-CBEDD7DE0503}.Debug|Any CPU.Build.0 = Debug|Any CPU
		{028B9C01-54B0-480D-95E0-CBEDD7DE0503}.Release|Any CPU.ActiveCfg = Release|Any CPU
		{028B9C01-54B0-480D-95E0-CBEDD7DE0503}.Release|Any CPU.Build.0 = Release|Any CPU
	EndGlobalSection
	GlobalSection(SolutionProperties) = preSolution
		HideSolutionNode = FALSE
	EndGlobalSection
	GlobalSection(ExtensibilityGlobals) = postSolution
		SolutionGuid = {AB5A7736-B2E9-4F7C-B39F-14A81AD6BCD6}
	EndGlobalSection
EndGlobal
